
Microsoft Visual Studio Solution File, Format Version 12.00
# Visual Studio Version 17
VisualStudioVersion = 17.0.31903.59
MinimumVisualStudioVersion = 10.0.40219.1
Project("{2150E333-8FDC-42A3-9474-1A3956D46DE8}") = "tests", "tests", "{75B12A08-5021-466E-B8F9-27E3F2D876DF}"
EndProject
Project("{FAE04EC0-301F-11D3-BF4B-00C04F79EFBC}") = "Aetheris.Tests", "tests\Aetheris.Tests\Aetheris.Tests.csproj", "{6749835D-F87D-436E-A799-9936C7C7CF07}"
EndProject
Project("{2150E333-8FDC-42A3-9474-1A3956D46DE8}") = "src", "src", "{5ABB2E52-705F-4AA6-ACE6-E5E0DC8B8BA2}"
EndProject
Project("{FAE04EC0-301F-11D3-BF4B-00C04F79EFBC}") = "Aetheris.Web", "src\Aetheris.Web\Aetheris.Web.csproj", "{BE2D1A87-ADAB-48A5-BE8E-35480580E5F9}"
EndProject
Global
	GlobalSection(SolutionConfigurationPlatforms) = preSolution
		Debug|Any CPU = Debug|Any CPU
		Release|Any CPU = Release|Any CPU
	EndGlobalSection
	GlobalSection(SolutionProperties) = preSolution
		HideSolutionNode = FALSE
	EndGlobalSection
	GlobalSection(ProjectConfigurationPlatforms) = postSolution
		{6749835D-F87D-436E-A799-9936C7C7CF07}.Debug|Any CPU.ActiveCfg = Debug|Any CPU
		{6749835D-F87D-436E-A799-9936C7C7CF07}.Debug|Any CPU.Build.0 = Debug|Any CPU
		{6749835D-F87D-436E-A799-9936C7C7CF07}.Release|Any CPU.ActiveCfg = Release|Any CPU
		{6749835D-F87D-436E-A799-9936C7C7CF07}.Release|Any CPU.Build.0 = Release|Any CPU
		{BE2D1A87-ADAB-48A5-BE8E-35480580E5F9}.Debug|Any CPU.ActiveCfg = Debug|Any CPU
		{BE2D1A87-ADAB-48A5-BE8E-35480580E5F9}.Debug|Any CPU.Build.0 = Debug|Any CPU
		{BE2D1A87-ADAB-48A5-BE8E-35480580E5F9}.Release|Any CPU.ActiveCfg = Release|Any CPU
		{BE2D1A87-ADAB-48A5-BE8E-35480580E5F9}.Release|Any CPU.Build.0 = Release|Any CPU
	EndGlobalSection
	GlobalSection(NestedProjects) = preSolution
		{6749835D-F87D-436E-A799-9936C7C7CF07} = {75B12A08-5021-466E-B8F9-27E3F2D876DF}
		{BE2D1A87-ADAB-48A5-BE8E-35480580E5F9} = {5ABB2E52-705F-4AA6-ACE6-E5E0DC8B8BA2}
	EndGlobalSection
EndGlobal
